
Microsoft Visual Studio Solution File, Format Version 12.00
# Visual Studio Version 16
VisualStudioVersion = 16.0.32228.343
MinimumVisualStudioVersion = 10.0.40219.1
Project("{888888A0-9F3D-457C-B088-3A5042F75D52}") = "trans", "trans\trans.pyproj", "{87783849-A0C1-4949-A4C1-FD943077E447}"
EndProject
Global
	GlobalSection(SolutionConfigurationPlatforms) = preSolution
		Debug|Any CPU = Debug|Any CPU
		Release|Any CPU = Release|Any CPU
	EndGlobalSection
	GlobalSection(ProjectConfigurationPlatforms) = postSolution
		{87783849-A0C1-4949-A4C1-FD943077E447}.Debug|Any CPU.ActiveCfg = Debug|Any CPU
		{87783849-A0C1-4949-A4C1-FD943077E447}.Debug|Any CPU.Build.0 = Debug|Any CPU
		{87783849-A0C1-4949-A4C1-FD943077E447}.Release|Any CPU.ActiveCfg = Release|Any CPU
		{87783849-A0C1-4949-A4C1-FD943077E447}.Release|Any CPU.Build.0 = Release|Any CPU
	EndGlobalSection
	GlobalSection(SolutionProperties) = preSolution
		HideSolutionNode = FALSE
	EndGlobalSection
	GlobalSection(ExtensibilityGlobals) = postSolution
		SolutionGuid = {A5904730-D96D-4479-91E9-8BD2347227D9}
	EndGlobalSection
EndGlobal
